Microsoft Visual Studio Solution File, Format Version 12.00
# Visual Studio 2012
Project("{FAE04EC0-301F-11D3-BF4B-00C04F79EFBC}") = "Foreplay- Par-Tee Time", "Foreplay- Par-Tee Time.csproj", "{998FF27A-5A2E-48FF-BF84-127EF5CBCEF8}"
EndProject
Global
	GlobalSection(SolutionConfigurationPlatforms) = preSolution
	Debug|Any CPU = Debug|Any CPU
	ExportDebug|Any CPU = ExportDebug|Any CPU
	ExportRelease|Any CPU = ExportRelease|Any CPU
	EndGlobalSection
	GlobalSection(ProjectConfigurationPlatforms) = postSolution
		{998FF27A-5A2E-48FF-BF84-127EF5CBCEF8}.Debug|Any CPU.ActiveCfg = Debug|Any CPU
		{998FF27A-5A2E-48FF-BF84-127EF5CBCEF8}.Debug|Any CPU.Build.0 = Debug|Any CPU
		{998FF27A-5A2E-48FF-BF84-127EF5CBCEF8}.ExportDebug|Any CPU.ActiveCfg = ExportDebug|Any CPU
		{998FF27A-5A2E-48FF-BF84-127EF5CBCEF8}.ExportDebug|Any CPU.Build.0 = ExportDebug|Any CPU
		{998FF27A-5A2E-48FF-BF84-127EF5CBCEF8}.ExportRelease|Any CPU.ActiveCfg = ExportRelease|Any CPU
		{998FF27A-5A2E-48FF-BF84-127EF5CBCEF8}.ExportRelease|Any CPU.Build.0 = ExportRelease|Any CPU
	EndGlobalSection
EndGlobal
